// !$*UTF8*$!
{
	archiveVersion = 1;
	classes = {
	};
	objectVersion = 56;
	objects = {

/* Begin PBXBuildFile section */
		6B06F9522A73C49C008EBAC8 /* Constant.swift in Sources */ = {isa = PBXBuildFile; fileRef = 6B06F9512A73C49C008EBAC8 /* Constant.swift */; };
		6B52E7832A73F1C4007BA651 /* HideKeyboardExtension.swift in Sources */ = {isa = PBXBuildFile; fileRef = 6B52E7822A73F1C4007BA651 /* HideKeyboardExtension.swift */; };
		6BFE6BBB2A72FBE2006DA9CB /* DevoteApp.swift in Sources */ = {isa = PBXBuildFile; fileRef = 6BFE6BBA2A72FBE2006DA9CB /* DevoteApp.swift */; };
		6BFE6BBD2A72FBE2006DA9CB /* ContentView.swift in Sources */ = {isa = PBXBuildFile; fileRef = 6BFE6BBC2A72FBE2006DA9CB /* ContentView.swift */; };
		6BFE6BBF2A72FBE2006DA9CB /* Assets.xcassets in Resources */ = {isa = PBXBuildFile; fileRef = 6BFE6BBE2A72FBE2006DA9CB /* Assets.xcassets */; };
		6BFE6BC22A72FBE3006DA9CB /* Preview Assets.xcassets in Resources */ = {isa = PBXBuildFile; fileRef = 6BFE6BC12A72FBE3006DA9CB /* Preview Assets.xcassets */; };
		6BFE6BC42A72FBE3006DA9CB /* Persistence.swift in Sources */ = {isa = PBXBuildFile; fileRef = 6BFE6BC32A72FBE3006DA9CB /* Persistence.swift */; };
		6BFE6BC72A72FBE3006DA9CB /* Devote.xcdatamodeld in Sources */ = {isa = PBXBuildFile; fileRef = 6BFE6BC52A72FBE3006DA9CB /* Devote.xcdatamodeld */; };
		6BFE6BD02A72FEE0006DA9CB /* sound-ding.mp3 in Resources */ = {isa = PBXBuildFile; fileRef = 6BFE6BCD2A72FEE0006DA9CB /* sound-ding.mp3 */; };
		6BFE6BD12A72FEE0006DA9CB /* sound-tap.mp3 in Resources */ = {isa = PBXBuildFile; fileRef = 6BFE6BCE2A72FEE0006DA9CB /* sound-tap.mp3 */; };
		6BFE6BD22A72FEE0006DA9CB /* sound-rise.mp3 in Resources */ = {isa = PBXBuildFile; fileRef = 6BFE6BCF2A72FEE0006DA9CB /* sound-rise.mp3 */; };
/* End PBXBuildFile section */

/* Begin PBXFileReference section */
		6B06F9512A73C49C008EBAC8 /* Constant.swift */ = {isa = PBXFileReference; lastKnownFileType = sourcecode.swift; path = Constant.swift; sourceTree = "<group>"; };
		6B52E7822A73F1C4007BA651 /* HideKeyboardExtension.swift */ = {isa = PBXFileReference; lastKnownFileType = sourcecode.swift; path = HideKeyboardExtension.swift; sourceTree = "<group>"; };
		6B9C3A3D2A730530001B480C /* Info.plist */ = {isa = PBXFileReference; lastKnownFileType = text.plist; path = Info.plist; sourceTree = "<group>"; };
		6BFE6BB72A72FBE1006DA9CB /* Devote.app */ = {isa = PBXFileReference; explicitFileType = wrapper.application; includeInIndex = 0; path = Devote.app; sourceTree = BUILT_PRODUCTS_DIR; };
		6BFE6BBA2A72FBE2006DA9CB /* DevoteApp.swift */ = {isa = PBXFileReference; lastKnownFileType = sourcecode.swift; path = DevoteApp.swift; sourceTree = "<group>"; };
		6BFE6BBC2A72FBE2006DA9CB /* ContentView.swift */ = {isa = PBXFileReference; lastKnownFileType = sourcecode.swift; path = ContentView.swift; sourceTree = "<group>"; };
		6BFE6BBE2A72FBE2006DA9CB /* Assets.xcassets */ = {isa = PBXFileReference; lastKnownFileType = folder.assetcatalog; path = Assets.xcassets; sourceTree = "<group>"; };
		6BFE6BC12A72FBE3006DA9CB /* Preview Assets.xcassets */ = {isa = PBXFileReference; lastKnownFileType = folder.assetcatalog; path = "Preview Assets.xcassets"; sourceTree = "<group>"; };
		6BFE6BC32A72FBE3006DA9CB /* Persistence.swift */ = {isa = PBXFileReference; lastKnownFileType = sourcecode.swift; path = Persistence.swift; sourceTree = "<group>"; };
		6BFE6BC62A72FBE3006DA9CB /* Devote.xcdatamodel */ = {isa = PBXFileReference; lastKnownFileType = wrapper.xcdatamodel; path = Devote.xcdatamodel; sourceTree = "<group>"; };
		6BFE6BCD2A72FEE0006DA9CB /* sound-ding.mp3 */ = {isa = PBXFileReference; lastKnownFileType = audio.mp3; path = "sound-ding.mp3"; sourceTree = "<group>"; };
		6BFE6BCE2A72FEE0006DA9CB /* sound-tap.mp3 */ = {isa = PBXFileReference; lastKnownFileType = audio.mp3; path = "sound-tap.mp3"; sourceTree = "<group>"; };
		6BFE6BCF2A72FEE0006DA9CB /* sound-rise.mp3 */ = {isa = PBXFileReference; lastKnownFileType = audio.mp3; path = "sound-rise.mp3"; sourceTree = "<group>"; };
/* End PBXFileReference section */

/* Begin PBXFrameworksBuildPhase section */
		6BFE6BB42A72FBE1006DA9CB /* Frameworks */ = {
			isa = PBXFrameworksBuildPhase;
			buildActionMask = 2147483647;
			files = (
			);
			runOnlyForDeploymentPostprocessing = 0;
		};
/* End PBXFrameworksBuildPhase section */

/* Begin PBXGroup section */
		6B9C3A382A730370001B480C /* View */ = {
			isa = PBXGroup;
			children = (
				6BFE6BBC2A72FBE2006DA9CB /* ContentView.swift */,
			);
			path = View;
			sourceTree = "<group>";
		};
		6B9C3A392A7303BD001B480C /* Extension */ = {
			isa = PBXGroup;
			children = (
				6B52E7822A73F1C4007BA651 /* HideKeyboardExtension.swift */,
			);
			path = Extension;
			sourceTree = "<group>";
		};
		6B9C3A3A2A7303DB001B480C /* Utility */ = {
			isa = PBXGroup;
			children = (
				6B06F9512A73C49C008EBAC8 /* Constant.swift */,
			);
			path = Utility;
			sourceTree = "<group>";
		};
		6B9C3A3B2A7303F5001B480C /* Style */ = {
			isa = PBXGroup;
			children = (
			);
			path = Style;
			sourceTree = "<group>";
		};
		6B9C3A3C2A730483001B480C /* Model */ = {
			isa = PBXGroup;
			children = (
				6BFE6BC32A72FBE3006DA9CB /* Persistence.swift */,
				6BFE6BC52A72FBE3006DA9CB /* Devote.xcdatamodeld */,
			);
			path = Model;
			sourceTree = "<group>";
		};
		6BFE6BAE2A72FBE1006DA9CB = {
			isa = PBXGroup;
			children = (
				6BFE6BB92A72FBE1006DA9CB /* Devote */,
				6BFE6BB82A72FBE1006DA9CB /* Products */,
			);
			sourceTree = "<group>";
		};
		6BFE6BB82A72FBE1006DA9CB /* Products */ = {
			isa = PBXGroup;
			children = (
				6BFE6BB72A72FBE1006DA9CB /* Devote.app */,
			);
			name = Products;
			sourceTree = "<group>";
		};
		6BFE6BB92A72FBE1006DA9CB /* Devote */ = {
			isa = PBXGroup;
			children = (
				6B9C3A3D2A730530001B480C /* Info.plist */,
				6B9C3A3B2A7303F5001B480C /* Style */,
				6B9C3A3A2A7303DB001B480C /* Utility */,
				6B9C3A392A7303BD001B480C /* Extension */,
				6BFE6BD32A72FF17006DA9CB /* Sound */,
				6BFE6BBA2A72FBE2006DA9CB /* DevoteApp.swift */,
				6BFE6BBE2A72FBE2006DA9CB /* Assets.xcassets */,
				6B9C3A3C2A730483001B480C /* Model */,
				6B9C3A382A730370001B480C /* View */,
				6BFE6BC02A72FBE3006DA9CB /* Preview Content */,
			);
			path = Devote;
			sourceTree = "<group>";
		};
		6BFE6BC02A72FBE3006DA9CB /* Preview Content */ = {
			isa = PBXGroup;
			children = (
				6BFE6BC12A72FBE3006DA9CB /* Preview Assets.xcassets */,
			);
			path = "Preview Content";
			sourceTree = "<group>";
		};
		6BFE6BD32A72FF17006DA9CB /* Sound */ = {
			isa = PBXGroup;
			children = (
				6BFE6BCD2A72FEE0006DA9CB /* sound-ding.mp3 */,
				6BFE6BCF2A72FEE0006DA9CB /* sound-rise.mp3 */,
				6BFE6BCE2A72FEE0006DA9CB /* sound-tap.mp3 */,
			);
			path = Sound;
			sourceTree = "<group>";
		};
/* End PBXGroup section */

/* Begin PBXNativeTarget section */
		6BFE6BB62A72FBE1006DA9CB /* Devote */ = {
			isa = PBXNativeTarget;
			buildConfigurationList = 6BFE6BCA2A72FBE3006DA9CB /* Build configuration list for PBXNativeTarget "Devote" */;
			buildPhases = (
				6BFE6BB32A72FBE1006DA9CB /* Sources */,
				6BFE6BB42A72FBE1006DA9CB /* Frameworks */,
				6BFE6BB52A72FBE1006DA9CB /* Resources */,
			);
			buildRules = (
			);
			dependencies = (
			);
			name = Devote;
			productName = Devote;
			productReference = 6BFE6BB72A72FBE1006DA9CB /* Devote.app */;
			productType = "com.apple.product-type.application";
		};
/* End PBXNativeTarget section */

/* Begin PBXProject section */
		6BFE6BAF2A72FBE1006DA9CB /* Project object */ = {
			isa = PBXProject;
			attributes = {
				BuildIndependentTargetsInParallel = 1;
				LastSwiftUpdateCheck = 1430;
				LastUpgradeCheck = 1430;
				TargetAttributes = {
					6BFE6BB62A72FBE1006DA9CB = {
						CreatedOnToolsVersion = 14.3.1;
					};
				};
			};
			buildConfigurationList = 6BFE6BB22A72FBE1006DA9CB /* Build configuration list for PBXProject "Devote" */;
			compatibilityVersion = "Xcode 14.0";
			developmentRegion = en;
			hasScannedForEncodings = 0;
			knownRegions = (
				en,
				Base,
			);
			mainGroup = 6BFE6BAE2A72FBE1006DA9CB;
			productRefGroup = 6BFE6BB82A72FBE1006DA9CB /* Products */;
			projectDirPath = "";
			projectRoot = "";
			targets = (
				6BFE6BB62A72FBE1006DA9CB /* Devote */,
			);
		};
/* End PBXProject section */

/* Begin PBXResourcesBuildPhase section */
		6BFE6BB52A72FBE1006DA9CB /* Resources */ = {
			isa = PBXResourcesBuildPhase;
			buildActionMask = 2147483647;
			files = (
				6BFE6BD22A72FEE0006DA9CB /* sound-rise.mp3 in Resources */,
				6BFE6BC22A72FBE3006DA9CB /* Preview Assets.xcassets in Resources */,
				6BFE6BBF2A72FBE2006DA9CB /* Assets.xcassets in Resources */,
				6BFE6BD12A72FEE0006DA9CB /* sound-tap.mp3 in Resources */,
				6BFE6BD02A72FEE0006DA9CB /* sound-ding.mp3 in Resources */,
			);
			runOnlyForDeploymentPostprocessing = 0;
		};
/* End PBXResourcesBuildPhase section */

/* Begin PBXSourcesBuildPhase section */
		6BFE6BB32A72FBE1006DA9CB /* Sources */ = {
			isa = PBXSourcesBuildPhase;
			buildActionMask = 2147483647;
			files = (
				6BFE6BC42A72FBE3006DA9CB /* Persistence.swift in Sources */,
				6BFE6BBD2A72FBE2006DA9CB /* ContentView.swift in Sources */,
				6B52E7832A73F1C4007BA651 /* HideKeyboardExtension.swift in Sources */,
				6B06F9522A73C49C008EBAC8 /* Constant.swift in Sources */,
				6BFE6BC72A72FBE3006DA9CB /* Devote.xcdatamodeld in Sources */,
				6BFE6BBB2A72FBE2006DA9CB /* DevoteApp.swift in Sources */,
			);
			runOnlyForDeploymentPostprocessing = 0;
		};
/* End PBXSourcesBuildPhase section */

/* Begin XCBuildConfiguration section */
		6BFE6BC82A72FBE3006DA9CB /* Debug */ = {
			isa = XCBuildConfiguration;
			buildSettings = {
				ALWAYS_SEARCH_USER_PATHS = NO;
				CLANG_ANALYZER_NONNULL = YES;
				CLANG_ANALYZER_NUMBER_OBJECT_CONVERSION = YES_AGGRESSIVE;
				CLANG_CXX_LANGUAGE_STANDARD = "gnu++20";
				CLANG_ENABLE_MODULES = YES;
				CLANG_ENABLE_OBJC_ARC = YES;
				CLANG_ENABLE_OBJC_WEAK = YES;
				CLANG_WARN_BLOCK_CAPTURE_AUTORELEASING = YES;
				CLANG_WARN_BOOL_CONVERSION = YES;
				CLANG_WARN_COMMA = YES;
				CLANG_WARN_CONSTANT_CONVERSION = YES;
				CLANG_WARN_DEPRECATED_OBJC_IMPLEMENTATIONS = YES;
				CLANG_WARN_DIRECT_OBJC_ISA_USAGE = YES_ERROR;
				CLANG_WARN_DOCUMENTATION_COMMENTS = YES;
				CLANG_WARN_EMPTY_BODY = YES;
				CLANG_WARN_ENUM_CONVERSION = YES;
				CLANG_WARN_INFINITE_RECURSION = YES;
				CLANG_WARN_INT_CONVERSION = YES;
				CLANG_WARN_NON_LITERAL_NULL_CONVERSION = YES;
				CLANG_WARN_OBJC_IMPLICIT_RETAIN_SELF = YES;
				CLANG_WARN_OBJC_LITERAL_CONVERSION = YES;
				CLANG_WARN_OBJC_ROOT_CLASS = YES_ERROR;
				CLANG_WARN_QUOTED_INCLUDE_IN_FRAMEWORK_HEADER = YES;
				CLANG_WARN_RANGE_LOOP_ANALYSIS = YES;
				CLANG_WARN_STRICT_PROTOTYPES = YES;
				CLANG_WARN_SUSPICIOUS_MOVE = YES;
				CLANG_WARN_UNGUARDED_AVAILABILITY = YES_AGGRESSIVE;
				CLANG_WARN_UNREACHABLE_CODE = YES;
				CLANG_WARN__DUPLICATE_METHOD_MATCH = YES;
				COPY_PHASE_STRIP = NO;
				DEBUG_INFORMATION_FORMAT = dwarf;
				ENABLE_STRICT_OBJC_MSGSEND = YES;
				ENABLE_TESTABILITY = YES;
				GCC_C_LANGUAGE_STANDARD = gnu11;
				GCC_DYNAMIC_NO_PIC = NO;
				GCC_NO_COMMON_BLOCKS = YES;
				GCC_OPTIMIZATION_LEVEL = 0;
				GCC_PREPROCESSOR_DEFINITIONS = (
					"DEBUG=1",
					"$(inherited)",
				);
				GCC_WARN_64_TO_32_BIT_CONVERSION = YES;
				GCC_WARN_ABOUT_RETURN_TYPE = YES_ERROR;
				GCC_WARN_UNDECLARED_SELECTOR = YES;
				GCC_WARN_UNINITIALIZED_AUTOS = YES_AGGRESSIVE;
				GCC_WARN_UNUSED_FUNCTION = YES;
				GCC_WARN_UNUSED_VARIABLE = YES;
				IPHONEOS_DEPLOYMENT_TARGET = 16.4;
				MTL_ENABLE_DEBUG_INFO = INCLUDE_SOURCE;
				MTL_FAST_MATH = YES;
				ONLY_ACTIVE_ARCH = YES;
				SDKROOT = iphoneos;
				SWIFT_ACTIVE_COMPILATION_CONDITIONS = DEBUG;
				SWIFT_OPTIMIZATION_LEVEL = "-Onone";
			};
			name = Debug;
		};
		6BFE6BC92A72FBE3006DA9CB /* Release */ = {
			isa = XCBuildConfiguration;
			buildSettings = {
				ALWAYS_SEARCH_USER_PATHS = NO;
				CLANG_ANALYZER_NONNULL = YES;
				CLANG_ANALYZER_NUMBER_OBJECT_CONVERSION = YES_AGGRESSIVE;
				CLANG_CXX_LANGUAGE_STANDARD = "gnu++20";
				CLANG_ENABLE_MODULES = YES;
				CLANG_ENABLE_OBJC_ARC = YES;
				CLANG_ENABLE_OBJC_WEAK = YES;
				CLANG_WARN_BLOCK_CAPTURE_AUTORELEASING = YES;
				CLANG_WARN_BOOL_CONVERSION = YES;
				CLANG_WARN_COMMA = YES;
				CLANG_WARN_CONSTANT_CONVERSION = YES;
				CLANG_WARN_DEPRECATED_OBJC_IMPLEMENTATIONS = YES;
				CLANG_WARN_DIRECT_OBJC_ISA_USAGE = YES_ERROR;
				CLANG_WARN_DOCUMENTATION_COMMENTS = YES;
				CLANG_WARN_EMPTY_BODY = YES;
				CLANG_WARN_ENUM_CONVERSION = YES;
				CLANG_WARN_INFINITE_RECURSION = YES;
				CLANG_WARN_INT_CONVERSION = YES;
				CLANG_WARN_NON_LITERAL_NULL_CONVERSION = YES;
				CLANG_WARN_OBJC_IMPLICIT_RETAIN_SELF = YES;
				CLANG_WARN_OBJC_LITERAL_CONVERSION = YES;
				CLANG_WARN_OBJC_ROOT_CLASS = YES_ERROR;
				CLANG_WARN_QUOTED_INCLUDE_IN_FRAMEWORK_HEADER = YES;
				CLANG_WARN_RANGE_LOOP_ANALYSIS = YES;
				CLANG_WARN_STRICT_PROTOTYPES = YES;
				CLANG_WARN_SUSPICIOUS_MOVE = YES;
				CLANG_WARN_UNGUARDED_AVAILABILITY = YES_AGGRESSIVE;
				CLANG_WARN_UNREACHABLE_CODE = YES;
				CLANG_WARN__DUPLICATE_METHOD_MATCH = YES;
				COPY_PHASE_STRIP = NO;
				DEBUG_INFORMATION_FORMAT = "dwarf-with-dsym";
				ENABLE_NS_ASSERTIONS = NO;
				ENABLE_STRICT_OBJC_MSGSEND = YES;
				GCC_C_LANGUAGE_STANDARD = gnu11;
				GCC_NO_COMMON_BLOCKS = YES;
				GCC_WARN_64_TO_32_BIT_CONVERSION = YES;
				GCC_WARN_ABOUT_RETURN_TYPE = YES_ERROR;
				GCC_WARN_UNDECLARED_SELECTOR = YES;
				GCC_WARN_UNINITIALIZED_AUTOS = YES_AGGRESSIVE;
				GCC_WARN_UNUSED_FUNCTION = YES;
				GCC_WARN_UNUSED_VARIABLE = YES;
				IPHONEOS_DEPLOYMENT_TARGET = 16.4;
				MTL_ENABLE_DEBUG_INFO = NO;
				MTL_FAST_MATH = YES;
				SDKROOT = iphoneos;
				SWIFT_COMPILATION_MODE = wholemodule;
				SWIFT_OPTIMIZATION_LEVEL = "-O";
				VALIDATE_PRODUCT = YES;
			};
			name = Release;
		};
		6BFE6BCB2A72FBE3006DA9CB /* Debug */ = {
			isa = XCBuildConfiguration;
			buildSettings = {
				ASSETCATALOG_COMPILER_APPICON_NAME = AppIcon;
				ASSETCATALOG_COMPILER_GLOBAL_ACCENT_COLOR_NAME = AccentColor;
				CODE_SIGN_STYLE = Automatic;
				CURRENT_PROJECT_VERSION = 1;
				DEVELOPMENT_ASSET_PATHS = "\"Devote/Preview Content\"";
				DEVELOPMENT_TEAM = UXC7U9N9AB;
				ENABLE_PREVIEWS = YES;
				GENERATE_INFOPLIST_FILE = YES;
				INFOPLIST_FILE = Devote/Info.plist;
				INFOPLIST_KEY_UIApplicationSceneManifest_Generation = YES;
				INFOPLIST_KEY_UIApplicationSupportsIndirectInputEvents = YES;
				INFOPLIST_KEY_UISupportedInterfaceOrientations = UIInterfaceOrientationPortrait;
				INFOPLIST_KEY_UISupportedInterfaceOrientations_iPad = "UIInterfaceOrientationPortrait UIInterfaceOrientationPortraitUpsideDown";
				LD_RUNPATH_SEARCH_PATHS = (
					"$(inherited)",
					"@executable_path/Frameworks",
				);
				MARKETING_VERSION = 1.0;
				PRODUCT_BUNDLE_IDENTIFIER = comsajakkrystynatouchdown.Devote;
				PRODUCT_NAME = "$(TARGET_NAME)";
				SWIFT_EMIT_LOC_STRINGS = YES;
				SWIFT_VERSION = 5.0;
				TARGETED_DEVICE_FAMILY = "1,2";
			};
			name = Debug;
		};
		6BFE6BCC2A72FBE3006DA9CB /* Release */ = {
			isa = XCBuildConfiguration;
			buildSettings = {
				ASSETCATALOG_COMPILER_APPICON_NAME = AppIcon;
				ASSETCATALOG_COMPILER_GLOBAL_ACCENT_COLOR_NAME = AccentColor;
				CODE_SIGN_STYLE = Automatic;
				CURRENT_PROJECT_VERSION = 1;
				DEVELOPMENT_ASSET_PATHS = "\"Devote/Preview Content\"";
				DEVELOPMENT_TEAM = UXC7U9N9AB;
				ENABLE_PREVIEWS = YES;
				GENERATE_INFOPLIST_FILE = YES;
				INFOPLIST_FILE = Devote/Info.plist;
				INFOPLIST_KEY_UIApplicationSceneManifest_Generation = YES;
				INFOPLIST_KEY_UIApplicationSupportsIndirectInputEvents = YES;
				INFOPLIST_KEY_UISupportedInterfaceOrientations = UIInterfaceOrientationPortrait;
				INFOPLIST_KEY_UISupportedInterfaceOrientations_iPad = "UIInterfaceOrientationPortrait UIInterfaceOrientationPortraitUpsideDown";
				LD_RUNPATH_SEARCH_PATHS = (
					"$(inherited)",
					"@executable_path/Frameworks",
				);
				MARKETING_VERSION = 1.0;
				PRODUCT_BUNDLE_IDENTIFIER = comsajakkrystynatouchdown.Devote;
				PRODUCT_NAME = "$(TARGET_NAME)";
				SWIFT_EMIT_LOC_STRINGS = YES;
				SWIFT_VERSION = 5.0;
				TARGETED_DEVICE_FAMILY = "1,2";
			};
			name = Release;
		};
/* End XCBuildConfiguration section */

/* Begin XCConfigurationList section */
		6BFE6BB22A72FBE1006DA9CB /* Build configuration list for PBXProject "Devote" */ = {
			isa = XCConfigurationList;
			buildConfigurations = (
				6BFE6BC82A72FBE3006DA9CB /* Debug */,
				6BFE6BC92A72FBE3006DA9CB /* Release */,
			);
			defaultConfigurationIsVisible = 0;
			defaultConfigurationName = Release;
		};
		6BFE6BCA2A72FBE3006DA9CB /* Build configuration list for PBXNativeTarget "Devote" */ = {
			isa = XCConfigurationList;
			buildConfigurations = (
				6BFE6BCB2A72FBE3006DA9CB /* Debug */,
				6BFE6BCC2A72FBE3006DA9CB /* Release */,
			);
			defaultConfigurationIsVisible = 0;
			defaultConfigurationName = Release;
		};
/* End XCConfigurationList section */

/* Begin XCVersionGroup section */
		6BFE6BC52A72FBE3006DA9CB /* Devote.xcdatamodeld */ = {
			isa = XCVersionGroup;
			children = (
				6BFE6BC62A72FBE3006DA9CB /* Devote.xcdatamodel */,
			);
			currentVersion = 6BFE6BC62A72FBE3006DA9CB /* Devote.xcdatamodel */;
			path = Devote.xcdatamodeld;
			sourceTree = "<group>";
			versionGroupType = wrapper.xcdatamodel;
		};
/* End XCVersionGroup section */
	};
	rootObject = 6BFE6BAF2A72FBE1006DA9CB /* Project object */;
}
